
Microsoft Visual Studio Solution File, Format Version 12.00
# Visual Studio Version 16
VisualStudioVersion = 16.0.31402.337
MinimumVisualStudioVersion = 10.0.40219.1
Project("{9A19103F-16F7-4668-BE54-9A1E7A4F7556}") = "HomeDisk.Api", "HomeDisk.Api\HomeDisk.Api.csproj", "{C9612349-424C-4CD1-A3E5-C0E5F4CAD887}"
EndProject
Project("{FAE04EC0-301F-11D3-BF4B-00C04F79EFBC}") = "HomeDisk.Api.Common", "HomeDisk.Api.Identity\HomeDisk.Api.Common.csproj", "{94E3B8D3-7530-443A-A00D-C93AB2333678}"
EndProject
Project("{FAE04EC0-301F-11D3-BF4B-00C04F79EFBC}") = "HomeDisk.Api.Commands", "HomeDisk.Api.Commands\HomeDisk.Api.Commands.csproj", "{B24DCA7A-BF25-4BFB-B463-57F3B6B2ECF7}"
EndProject
Global
	GlobalSection(SolutionConfigurationPlatforms) = preSolution
		Debug|Any CPU = Debug|Any CPU
		Release|Any CPU = Release|Any CPU
	EndGlobalSection
	GlobalSection(ProjectConfigurationPlatforms) = postSolution
		{C9612349-424C-4CD1-A3E5-C0E5F4CAD887}.Debug|Any CPU.ActiveCfg = Debug|Any CPU
		{C9612349-424C-4CD1-A3E5-C0E5F4CAD887}.Debug|Any CPU.Build.0 = Debug|Any CPU
		{C9612349-424C-4CD1-A3E5-C0E5F4CAD887}.Release|Any CPU.ActiveCfg = Release|Any CPU
		{C9612349-424C-4CD1-A3E5-C0E5F4CAD887}.Release|Any CPU.Build.0 = Release|Any CPU
		{94E3B8D3-7530-443A-A00D-C93AB2333678}.Debug|Any CPU.ActiveCfg = Debug|Any CPU
		{94E3B8D3-7530-443A-A00D-C93AB2333678}.Debug|Any CPU.Build.0 = Debug|Any CPU
		{94E3B8D3-7530-443A-A00D-C93AB2333678}.Release|Any CPU.ActiveCfg = Release|Any CPU
		{94E3B8D3-7530-443A-A00D-C93AB2333678}.Release|Any CPU.Build.0 = Release|Any CPU
		{B24DCA7A-BF25-4BFB-B463-57F3B6B2ECF7}.Debug|Any CPU.ActiveCfg = Debug|Any CPU
		{B24DCA7A-BF25-4BFB-B463-57F3B6B2ECF7}.Debug|Any CPU.Build.0 = Debug|Any CPU
		{B24DCA7A-BF25-4BFB-B463-57F3B6B2ECF7}.Release|Any CPU.ActiveCfg = Release|Any CPU
		{B24DCA7A-BF25-4BFB-B463-57F3B6B2ECF7}.Release|Any CPU.Build.0 = Release|Any CPU
	EndGlobalSection
	GlobalSection(SolutionProperties) = preSolution
		HideSolutionNode = FALSE
	EndGlobalSection
	GlobalSection(ExtensibilityGlobals) = postSolution
		SolutionGuid = {15E5CF45-3F6E-4D16-BE4A-13E78E11E23B}
	EndGlobalSection
EndGlobal
